
Microsoft Visual Studio Solution File, Format Version 12.00
# Visual Studio 14
VisualStudioVersion = 14.0.24720.0
MinimumVisualStudioVersion = 10.0.40219.1
Project("{FAE04EC0-301F-11D3-BF4B-00C04F79EFBC}") = "DungeonSlayers", "DungeonSlayers\DungeonSlayers.csproj", "{B0904951-6CA3-49DA-BB57-4F9479C4F3FB}"
EndProject
Project("{FAE04EC0-301F-11D3-BF4B-00C04F79EFBC}") = "Test", "Test\Test.csproj", "{B9849572-8190-4A23-BE5C-7F30F35BDFA5}"
EndProject
Global
	GlobalSection(SolutionConfigurationPlatforms) = preSolution
		Debug|Any CPU = Debug|Any CPU
		Release|Any CPU = Release|Any CPU
	EndGlobalSection
	GlobalSection(ProjectConfigurationPlatforms) = postSolution
		{B0904951-6CA3-49DA-BB57-4F9479C4F3FB}.Debug|Any CPU.ActiveCfg = Debug|Any CPU
		{B0904951-6CA3-49DA-BB57-4F9479C4F3FB}.Debug|Any CPU.Build.0 = Debug|Any CPU
		{B0904951-6CA3-49DA-BB57-4F9479C4F3FB}.Release|Any CPU.ActiveCfg = Release|Any CPU
		{B0904951-6CA3-49DA-BB57-4F9479C4F3FB}.Release|Any CPU.Build.0 = Release|Any CPU
		{B9849572-8190-4A23-BE5C-7F30F35BDFA5}.Debug|Any CPU.ActiveCfg = Debug|Any CPU
		{B9849572-8190-4A23-BE5C-7F30F35BDFA5}.Debug|Any CPU.Build.0 = Debug|Any CPU
		{B9849572-8190-4A23-BE5C-7F30F35BDFA5}.Release|Any CPU.ActiveCfg = Release|Any CPU
		{B9849572-8190-4A23-BE5C-7F30F35BDFA5}.Release|Any CPU.Build.0 = Release|Any CPU
	EndGlobalSection
	GlobalSection(SolutionProperties) = preSolution
		HideSolutionNode = FALSE
	EndGlobalSection
EndGlobal
